
Microsoft Visual Studio Solution File, Format Version 12.00
# Visual Studio for Mac
Project("{FAE04EC0-301F-11D3-BF4B-00C04F79EFBC}") = "iOs Bottle", "Assembly-CSharp.csproj", "{5C39DD81-2250-46B1-4CF6-958E1BEE2566}"
EndProject
Project("{FAE04EC0-301F-11D3-BF4B-00C04F79EFBC}") = "iOs Bottle", "Assembly-CSharp-firstpass.csproj", "{585C129B-A850-53C2-C51D-B58FFEE3D172}"
EndProject
Global
	GlobalSection(SolutionConfigurationPlatforms) = preSolution
		Debug|Any CPU = Debug|Any CPU
		Release|Any CPU = Release|Any CPU
	EndGlobalSection
	GlobalSection(ProjectConfigurationPlatforms) = postSolution
		{5C39DD81-2250-46B1-4CF6-958E1BEE2566}.Debug|Any CPU.ActiveCfg = Debug|Any CPU
		{5C39DD81-2250-46B1-4CF6-958E1BEE2566}.Debug|Any CPU.Build.0 = Debug|Any CPU
		{5C39DD81-2250-46B1-4CF6-958E1BEE2566}.Release|Any CPU.ActiveCfg = Release|Any CPU
		{5C39DD81-2250-46B1-4CF6-958E1BEE2566}.Release|Any CPU.Build.0 = Release|Any CPU
		{585C129B-A850-53C2-C51D-B58FFEE3D172}.Debug|Any CPU.ActiveCfg = Debug|Any CPU
		{585C129B-A850-53C2-C51D-B58FFEE3D172}.Debug|Any CPU.Build.0 = Debug|Any CPU
		{585C129B-A850-53C2-C51D-B58FFEE3D172}.Release|Any CPU.ActiveCfg = Release|Any CPU
		{585C129B-A850-53C2-C51D-B58FFEE3D172}.Release|Any CPU.Build.0 = Release|Any CPU
	EndGlobalSection
	GlobalSection(SolutionProperties) = preSolution
		HideSolutionNode = FALSE
	EndGlobalSection
EndGlobal
